
Microsoft Visual Studio Solution File, Format Version 12.00
# Visual Studio Version 17
VisualStudioVersion = 17.11.35327.3
MinimumVisualStudioVersion = 10.0.40219.1
Project("{2150E333-8FDC-42A3-9474-1A3956D46DE8}") = "Solution Items", "Solution Items", "{E56165E0-A996-478A-91E3-F4C19F259FE1}"
	ProjectSection(SolutionItems) = preProject
		.github\workflows\dotnet.yml = .github\workflows\dotnet.yml
		README.md = README.md
	EndProjectSection
EndProject
Project("{9A19103F-16F7-4668-BE54-9A1E7A4F7556}") = "Gord0.ChunkyMonkey.CodeGenerator.UnitTests", "tests\Gord0.ChunkyMonkey.CodeGenerator.UnitTests\Gord0.ChunkyMonkey.CodeGenerator.UnitTests.csproj", "{C9487035-092C-4BC7-B246-20C7A7E0B558}"
EndProject
Project("{9A19103F-16F7-4668-BE54-9A1E7A4F7556}") = "Gord0.ChunkyMonkey.CodeGenerator", "src\Gord0.ChunkyMonkey.CodeGenerator\Gord0.ChunkyMonkey.CodeGenerator.csproj", "{FB7C3398-1F43-4EFD-8D4E-C0A5658872BC}"
EndProject
Global
	GlobalSection(SolutionConfigurationPlatforms) = preSolution
		Debug|Any CPU = Debug|Any CPU
		Release|Any CPU = Release|Any CPU
	EndGlobalSection
	GlobalSection(ProjectConfigurationPlatforms) = postSolution
		{C9487035-092C-4BC7-B246-20C7A7E0B558}.Debug|Any CPU.ActiveCfg = Debug|Any CPU
		{C9487035-092C-4BC7-B246-20C7A7E0B558}.Debug|Any CPU.Build.0 = Debug|Any CPU
		{C9487035-092C-4BC7-B246-20C7A7E0B558}.Release|Any CPU.ActiveCfg = Release|Any CPU
		{C9487035-092C-4BC7-B246-20C7A7E0B558}.Release|Any CPU.Build.0 = Release|Any CPU
		{FB7C3398-1F43-4EFD-8D4E-C0A5658872BC}.Debug|Any CPU.ActiveCfg = Debug|Any CPU
		{FB7C3398-1F43-4EFD-8D4E-C0A5658872BC}.Debug|Any CPU.Build.0 = Debug|Any CPU
		{FB7C3398-1F43-4EFD-8D4E-C0A5658872BC}.Release|Any CPU.ActiveCfg = Release|Any CPU
		{FB7C3398-1F43-4EFD-8D4E-C0A5658872BC}.Release|Any CPU.Build.0 = Release|Any CPU
	EndGlobalSection
	GlobalSection(SolutionProperties) = preSolution
		HideSolutionNode = FALSE
	EndGlobalSection
	GlobalSection(ExtensibilityGlobals) = postSolution
		SolutionGuid = {6DABF30D-CE88-44F8-BC65-B9134DFBB955}
	EndGlobalSection
EndGlobal
